{
  "name": "skylark-jqueryui",
  "version": "0.9.0",
  "lockfileVersion": 1,
  "requires": true,
  "dependencies": {
    "skylark-jquery": {
      "version": "git+https://github.com/skylarkutils/skylark-jquery.git#f58f91c0953e8f69f7410c87ae11cb01c804562a",
      "from": "git+https://github.com/skylarkutils/skylark-jquery.git#master"
    },
    "skylark-jqueryui-interact": {
      "version": "git+https://github.com/skylarkui/skylark-jqueryui-interact.git#94c30b5367e6c926a19d57247680cef8a7df507e",
      "from": "git+https://github.com/skylarkui/skylark-jqueryui-interact.git#master",
      "requires": {
        "skylark-jquery": "git+https://github.com/skylarkutils/skylark-jquery.git#f58f91c0953e8f69f7410c87ae11cb01c804562a",
        "skylark-langx": "git+https://github.com/skylarklangx/skylark-langx.git#4b576c15b87191f2a28b6ae8f0fde1099889cb5a",
        "skylark-utils-dom": "git+https://github.com/skylarkutils/skylark-utils-dom.git#1368a6ddfabc455a2167be40babdb85c03158c1a"
      }
    },
    "skylark-langx": {
      "version": "git+https://github.com/skylarklangx/skylark-langx.git#4b576c15b87191f2a28b6ae8f0fde1099889cb5a",
      "from": "git+https://github.com/skylarklangx/skylark-langx.git#master"
    },
    "skylark-utils-color": {
      "version": "git+https://github.com/skylarkutils/skylark-utils-color.git#03edb54a1258591fa288b54a1d17375dc1d38622",
      "from": "git+https://github.com/skylarkutils/skylark-utils-color.git#master"
    },
    "skylark-utils-dom": {
      "version": "git+https://github.com/skylarkutils/skylark-utils-dom.git#1368a6ddfabc455a2167be40babdb85c03158c1a",
      "from": "git+https://github.com/skylarkutils/skylark-utils-dom.git#master",
      "requires": {
        "skylark-langx": "git+https://github.com/skylarklangx/skylark-langx.git#4b576c15b87191f2a28b6ae8f0fde1099889cb5a"
      }
    }
  }
}
